
Microsoft Visual Studio Solution File, Format Version 12.00
# Visual Studio Version 17
VisualStudioVersion = 17.8.34511.84
MinimumVisualStudioVersion = 10.0.40219.1
Project("{FAE04EC0-301F-11D3-BF4B-00C04F79EFBC}") = "TaskNo9", "TaskNo9\TaskNo9.csproj", "{F1C1B728-173E-4EEF-9EEE-72B5A57D34F4}"
EndProject
Global
	GlobalSection(SolutionConfigurationPlatforms) = preSolution
		Debug|Any CPU = Debug|Any CPU
		Release|Any CPU = Release|Any CPU
	EndGlobalSection
	GlobalSection(ProjectConfigurationPlatforms) = postSolution
		{F1C1B728-173E-4EEF-9EEE-72B5A57D34F4}.Debug|Any CPU.ActiveCfg = Debug|Any CPU
		{F1C1B728-173E-4EEF-9EEE-72B5A57D34F4}.Debug|Any CPU.Build.0 = Debug|Any CPU
		{F1C1B728-173E-4EEF-9EEE-72B5A57D34F4}.Release|Any CPU.ActiveCfg = Release|Any CPU
		{F1C1B728-173E-4EEF-9EEE-72B5A57D34F4}.Release|Any CPU.Build.0 = Release|Any CPU
	EndGlobalSection
	GlobalSection(SolutionProperties) = preSolution
		HideSolutionNode = FALSE
	EndGlobalSection
	GlobalSection(ExtensibilityGlobals) = postSolution
		SolutionGuid = {F7961C36-42A1-40D2-95D9-B36A343DB554}
	EndGlobalSection
EndGlobal
