
Microsoft Visual Studio Solution File, Format Version 12.00
# Visual Studio Version 17
VisualStudioVersion = 17.8.34511.84
MinimumVisualStudioVersion = 10.0.40219.1
Project("{FAE04EC0-301F-11D3-BF4B-00C04F79EFBC}") = "TaskNo6", "TaskNo6\TaskNo6.csproj", "{7ECDCDB7-EB86-47C2-A19D-44769E4F56BF}"
EndProject
Global
	GlobalSection(SolutionConfigurationPlatforms) = preSolution
		Debug|Any CPU = Debug|Any CPU
		Release|Any CPU = Release|Any CPU
	EndGlobalSection
	GlobalSection(ProjectConfigurationPlatforms) = postSolution
		{7ECDCDB7-EB86-47C2-A19D-44769E4F56BF}.Debug|Any CPU.ActiveCfg = Debug|Any CPU
		{7ECDCDB7-EB86-47C2-A19D-44769E4F56BF}.Debug|Any CPU.Build.0 = Debug|Any CPU
		{7ECDCDB7-EB86-47C2-A19D-44769E4F56BF}.Release|Any CPU.ActiveCfg = Release|Any CPU
		{7ECDCDB7-EB86-47C2-A19D-44769E4F56BF}.Release|Any CPU.Build.0 = Release|Any CPU
	EndGlobalSection
	GlobalSection(SolutionProperties) = preSolution
		HideSolutionNode = FALSE
	EndGlobalSection
	GlobalSection(ExtensibilityGlobals) = postSolution
		SolutionGuid = {778DA4FC-C155-4B4F-BF04-AD9F9AD75544}
	EndGlobalSection
EndGlobal
