
Microsoft Visual Studio Solution File, Format Version 12.00
# Visual Studio Version 17
VisualStudioVersion = 17.8.34511.84
MinimumVisualStudioVersion = 10.0.40219.1
Project("{FAE04EC0-301F-11D3-BF4B-00C04F79EFBC}") = "TaskNo4", "TaskNo4\TaskNo4.csproj", "{B82BA2F7-D439-46E3-8E47-D3B540ACE965}"
EndProject
Global
	GlobalSection(SolutionConfigurationPlatforms) = preSolution
		Debug|Any CPU = Debug|Any CPU
		Release|Any CPU = Release|Any CPU
	EndGlobalSection
	GlobalSection(ProjectConfigurationPlatforms) = postSolution
		{B82BA2F7-D439-46E3-8E47-D3B540ACE965}.Debug|Any CPU.ActiveCfg = Debug|Any CPU
		{B82BA2F7-D439-46E3-8E47-D3B540ACE965}.Debug|Any CPU.Build.0 = Debug|Any CPU
		{B82BA2F7-D439-46E3-8E47-D3B540ACE965}.Release|Any CPU.ActiveCfg = Release|Any CPU
		{B82BA2F7-D439-46E3-8E47-D3B540ACE965}.Release|Any CPU.Build.0 = Release|Any CPU
	EndGlobalSection
	GlobalSection(SolutionProperties) = preSolution
		HideSolutionNode = FALSE
	EndGlobalSection
	GlobalSection(ExtensibilityGlobals) = postSolution
		SolutionGuid = {1077A3D3-1F3D-4F3E-B5A0-C55EB921D135}
	EndGlobalSection
EndGlobal
