
Microsoft Visual Studio Solution File, Format Version 12.00
# Visual Studio Version 17
VisualStudioVersion = 17.8.34511.84
MinimumVisualStudioVersion = 10.0.40219.1
Project("{FAE04EC0-301F-11D3-BF4B-00C04F79EFBC}") = "TaskNo2", "TaskNo2\TaskNo2.csproj", "{39CA6FAD-CAB6-4FF7-AD2F-188E1C617DD1}"
EndProject
Global
	GlobalSection(SolutionConfigurationPlatforms) = preSolution
		Debug|Any CPU = Debug|Any CPU
		Release|Any CPU = Release|Any CPU
	EndGlobalSection
	GlobalSection(ProjectConfigurationPlatforms) = postSolution
		{39CA6FAD-CAB6-4FF7-AD2F-188E1C617DD1}.Debug|Any CPU.ActiveCfg = Debug|Any CPU
		{39CA6FAD-CAB6-4FF7-AD2F-188E1C617DD1}.Debug|Any CPU.Build.0 = Debug|Any CPU
		{39CA6FAD-CAB6-4FF7-AD2F-188E1C617DD1}.Release|Any CPU.ActiveCfg = Release|Any CPU
		{39CA6FAD-CAB6-4FF7-AD2F-188E1C617DD1}.Release|Any CPU.Build.0 = Release|Any CPU
	EndGlobalSection
	GlobalSection(SolutionProperties) = preSolution
		HideSolutionNode = FALSE
	EndGlobalSection
	GlobalSection(ExtensibilityGlobals) = postSolution
		SolutionGuid = {1C9E85AB-94A1-497F-8775-6CFFC5704F8B}
	EndGlobalSection
EndGlobal
