
Microsoft Visual Studio Solution File, Format Version 12.00
# Visual Studio Version 17
VisualStudioVersion = 17.8.34511.84
MinimumVisualStudioVersion = 10.0.40219.1
Project("{FAE04EC0-301F-11D3-BF4B-00C04F79EFBC}") = "TaskNo11", "TaskNo11\TaskNo11.csproj", "{30AF0437-1DEE-4858-B7BB-A1F510A819D7}"
EndProject
Global
	GlobalSection(SolutionConfigurationPlatforms) = preSolution
		Debug|Any CPU = Debug|Any CPU
		Release|Any CPU = Release|Any CPU
	EndGlobalSection
	GlobalSection(ProjectConfigurationPlatforms) = postSolution
		{30AF0437-1DEE-4858-B7BB-A1F510A819D7}.Debug|Any CPU.ActiveCfg = Debug|Any CPU
		{30AF0437-1DEE-4858-B7BB-A1F510A819D7}.Debug|Any CPU.Build.0 = Debug|Any CPU
		{30AF0437-1DEE-4858-B7BB-A1F510A819D7}.Release|Any CPU.ActiveCfg = Release|Any CPU
		{30AF0437-1DEE-4858-B7BB-A1F510A819D7}.Release|Any CPU.Build.0 = Release|Any CPU
	EndGlobalSection
	GlobalSection(SolutionProperties) = preSolution
		HideSolutionNode = FALSE
	EndGlobalSection
	GlobalSection(ExtensibilityGlobals) = postSolution
		SolutionGuid = {AB5ADE94-1B96-4C5B-957D-3BFE5621DF3E}
	EndGlobalSection
EndGlobal
